{
  "nodes": {
    "nixpkgs": {
      "locked": {
        "lastModified": 1656847440,
        "narHash": "sha256-9LRlUrdU+TNAAp393hqDaKnwBssLLkxpRQEAzLSC2pM=",
        "owner": "NixOS",
        "repo": "nixpkgs",
        "rev": "d63774ae64431366be4d1f2aede50e52204c7d6c",
        "type": "github"
      },
      "original": {
        "owner": "NixOS",
        "ref": "nixpkgs-unstable",
        "repo": "nixpkgs",
        "type": "github"
      }
    },
    "nixpkgs-riscv": {
      "inputs": {
        "nixpkgs": [
          "nixpkgs"
        ]
      },
      "locked": {
        "lastModified": 1656871086,
        "narHash": "sha256-iWPwezUKtgz2qeZGCAEGWPK74MQHl8zPnpWOMUhW28Y=",
        "owner": "luizribeiro",
        "repo": "nixpkgs-riscv",
        "rev": "e69d7cafc9864dbeb797163eccc403ca42ede63d",
        "type": "github"
      },
      "original": {
        "owner": "luizribeiro",
        "repo": "nixpkgs-riscv",
        "type": "github"
      }
    },
    "root": {
      "inputs": {
        "nixpkgs": "nixpkgs",
        "nixpkgs-riscv": "nixpkgs-riscv"
      }
    }
  },
  "root": "root",
  "version": 7
}
